
Microsoft Visual Studio Solution File, Format Version 12.00
# Visual Studio Version 16
VisualStudioVersion = 16.0.30907.101
MinimumVisualStudioVersion = 10.0.40219.1
Project("{FAE04EC0-301F-11D3-BF4B-00C04F79EFBC}") = "PaymentDetailApi", "PaymentDetailApi\PaymentDetailApi.csproj", "{443027AD-8540-46F4-A639-3AD57FC4CB3C}"
EndProject
Global
	GlobalSection(SolutionConfigurationPlatforms) = preSolution
		Debug|Any CPU = Debug|Any CPU
		Release|Any CPU = Release|Any CPU
	EndGlobalSection
	GlobalSection(ProjectConfigurationPlatforms) = postSolution
		{443027AD-8540-46F4-A639-3AD57FC4CB3C}.Debug|Any CPU.ActiveCfg = Debug|Any CPU
		{443027AD-8540-46F4-A639-3AD57FC4CB3C}.Debug|Any CPU.Build.0 = Debug|Any CPU
		{443027AD-8540-46F4-A639-3AD57FC4CB3C}.Release|Any CPU.ActiveCfg = Release|Any CPU
		{443027AD-8540-46F4-A639-3AD57FC4CB3C}.Release|Any CPU.Build.0 = Release|Any CPU
	EndGlobalSection
	GlobalSection(SolutionProperties) = preSolution
		HideSolutionNode = FALSE
	EndGlobalSection
	GlobalSection(ExtensibilityGlobals) = postSolution
		SolutionGuid = {45CCD8E8-AC00-4C39-A9C8-D6618B39DE85}
	EndGlobalSection
EndGlobal
